
Microsoft Visual Studio Solution File, Format Version 12.00
# Visual Studio Version 17
VisualStudioVersion = 17.5.002.0
MinimumVisualStudioVersion = 10.0.40219.1
Project("{9A19103F-16F7-4668-BE54-9A1E7A4F7556}") = "Calcular_Area", "Calcular_Area\Calcular_Area.csproj", "{CDD7DF52-02C6-4319-99DE-6CBA896409BF}"
EndProject
Global
	GlobalSection(SolutionConfigurationPlatforms) = preSolution
		Debug|Any CPU = Debug|Any CPU
		Release|Any CPU = Release|Any CPU
	EndGlobalSection
	GlobalSection(ProjectConfigurationPlatforms) = postSolution
		{CDD7DF52-02C6-4319-99DE-6CBA896409BF}.Debug|Any CPU.ActiveCfg = Debug|Any CPU
		{CDD7DF52-02C6-4319-99DE-6CBA896409BF}.Debug|Any CPU.Build.0 = Debug|Any CPU
		{CDD7DF52-02C6-4319-99DE-6CBA896409BF}.Release|Any CPU.ActiveCfg = Release|Any CPU
		{CDD7DF52-02C6-4319-99DE-6CBA896409BF}.Release|Any CPU.Build.0 = Release|Any CPU
	EndGlobalSection
	GlobalSection(SolutionProperties) = preSolution
		HideSolutionNode = FALSE
	EndGlobalSection
	GlobalSection(ExtensibilityGlobals) = postSolution
		SolutionGuid = {473B4927-9811-4C85-ABEC-8DC9EC0F4AAA}
	EndGlobalSection
EndGlobal
